
Microsoft Visual Studio Solution File, Format Version 12.00
# Visual Studio 14
VisualStudioVersion = 14.0.24720.0
MinimumVisualStudioVersion = 10.0.40219.1
Project("{FAE04EC0-301F-11D3-BF4B-00C04F79EFBC}") = "ITMApp-WebAPI", "ITMApp-WebAPI\ITMApp-WebAPI.csproj", "{29D82904-D174-4659-9229-35BA2B07EA90}"
EndProject
Project("{FAE04EC0-301F-11D3-BF4B-00C04F79EFBC}") = "Contracts", "Contracts\Contracts.csproj", "{0729AD59-2E8B-46AA-9899-2618F2E8C22D}"
EndProject
Global
	GlobalSection(SolutionConfigurationPlatforms) = preSolution
		Debug|Any CPU = Debug|Any CPU
		Release|Any CPU = Release|Any CPU
	EndGlobalSection
	GlobalSection(ProjectConfigurationPlatforms) = postSolution
		{29D82904-D174-4659-9229-35BA2B07EA90}.Debug|Any CPU.ActiveCfg = Debug|Any CPU
		{29D82904-D174-4659-9229-35BA2B07EA90}.Debug|Any CPU.Build.0 = Debug|Any CPU
		{29D82904-D174-4659-9229-35BA2B07EA90}.Release|Any CPU.ActiveCfg = Release|Any CPU
		{29D82904-D174-4659-9229-35BA2B07EA90}.Release|Any CPU.Build.0 = Release|Any CPU
		{0729AD59-2E8B-46AA-9899-2618F2E8C22D}.Debug|Any CPU.ActiveCfg = Debug|Any CPU
		{0729AD59-2E8B-46AA-9899-2618F2E8C22D}.Debug|Any CPU.Build.0 = Debug|Any CPU
		{0729AD59-2E8B-46AA-9899-2618F2E8C22D}.Release|Any CPU.ActiveCfg = Release|Any CPU
		{0729AD59-2E8B-46AA-9899-2618F2E8C22D}.Release|Any CPU.Build.0 = Release|Any CPU
	EndGlobalSection
	GlobalSection(SolutionProperties) = preSolution
		HideSolutionNode = FALSE
	EndGlobalSection
EndGlobal
